// !$*UTF8*$!
{
	archiveVersion = 1;
	classes = {
	};
	objectVersion = 46;
	objects = {

/* Begin PBXBuildFile section */
		D326FF8917B7CC5200CF8309 /* AglImagePool.cpp in Sources */ = {isa = PBXBuildFile; fileRef = D326FF8517B7CC5200CF8309 /* AglImagePool.cpp */; };
		D326FF8A17B7CC5200CF8309 /* AglImagePool.h in Headers */ = {isa = PBXBuildFile; fileRef = D326FF8617B7CC5200CF8309 /* AglImagePool.h */; };
		D326FF8B17B7CC5200CF8309 /* AglUtilities.cpp in Sources */ = {isa = PBXBuildFile; fileRef = D326FF8717B7CC5200CF8309 /* AglUtilities.cpp */; };
		D326FF8C17B7CC5200CF8309 /* AglUtilities.h in Headers */ = {isa = PBXBuildFile; fileRef = D326FF8817B7CC5200CF8309 /* AglUtilities.h */; };
		D326FFAF17B7E3B700CF8309 /* AglSurface.cpp in Sources */ = {isa = PBXBuildFile; fileRef = D326FFAD17B7E3B700CF8309 /* AglSurface.cpp */; };
		D326FFB017B7E3B700CF8309 /* AglSurface.h in Headers */ = {isa = PBXBuildFile; fileRef = D326FFAE17B7E3B700CF8309 /* AglSurface.h */; };
		D326FFB317B7E56900CF8309 /* AglTexture.cpp in Sources */ = {isa = PBXBuildFile; fileRef = D326FFB117B7E56900CF8309 /* AglTexture.cpp */; };
		D326FFB417B7E56900CF8309 /* AglTexture.h in Headers */ = {isa = PBXBuildFile; fileRef = D326FFB217B7E56900CF8309 /* AglTexture.h */; };
		D326FFB717B7E6A000CF8309 /* AglShaderProgram.cpp in Sources */ = {isa = PBXBuildFile; fileRef = D326FFB517B7E6A000CF8309 /* AglShaderProgram.cpp */; };
		D326FFB817B7E6A000CF8309 /* AglShaderProgram.h in Headers */ = {isa = PBXBuildFile; fileRef = D326FFB617B7E6A000CF8309 /* AglShaderProgram.h */; };
		D326FFBB17B7E7F700CF8309 /* AglSurfacePNT.cpp in Sources */ = {isa = PBXBuildFile; fileRef = D326FFB917B7E7F700CF8309 /* AglSurfacePNT.cpp */; };
		D326FFBC17B7E7F700CF8309 /* AglSurfacePNT.h in Headers */ = {isa = PBXBuildFile; fileRef = D326FFBA17B7E7F700CF8309 /* AglSurfacePNT.h */; };
		D326FFBF17B7EAA000CF8309 /* AglVertexShaderPNT.cpp in Sources */ = {isa = PBXBuildFile; fileRef = D326FFBD17B7EAA000CF8309 /* AglVertexShaderPNT.cpp */; };
		D326FFC017B7EAA000CF8309 /* AglVertexShaderPNT.h in Headers */ = {isa = PBXBuildFile; fileRef = D326FFBE17B7EAA000CF8309 /* AglVertexShaderPNT.h */; };
		D326FFC317B7F30600CF8309 /* AglFragmentShaderPNT.cpp in Sources */ = {isa = PBXBuildFile; fileRef = D326FFC117B7F30600CF8309 /* AglFragmentShaderPNT.cpp */; };
		D326FFC417B7F30600CF8309 /* AglFragmentShaderPNT.h in Headers */ = {isa = PBXBuildFile; fileRef = D326FFC217B7F30600CF8309 /* AglFragmentShaderPNT.h */; };
		D326FFC717B7F41200CF8309 /* AglTextureUbyte.cpp in Sources */ = {isa = PBXBuildFile; fileRef = D326FFC517B7F41100CF8309 /* AglTextureUbyte.cpp */; };
		D326FFC817B7F41200CF8309 /* AglTextureUbyte.h in Headers */ = {isa = PBXBuildFile; fileRef = D326FFC617B7F41200CF8309 /* AglTextureUbyte.h */; };
		D326FFCD17B7F67800CF8309 /* AglShaderProgramSpecific.h in Headers */ = {isa = PBXBuildFile; fileRef = D326FFCA17B7F67800CF8309 /* AglShaderProgramSpecific.h */; };
		D326FFCE17B7F67800CF8309 /* AglShaderProgramSpecificImp.h in Headers */ = {isa = PBXBuildFile; fileRef = D326FFCB17B7F67800CF8309 /* AglShaderProgramSpecificImp.h */; };
		D326FFD117B7F84800CF8309 /* AglBasicVertexShader.cpp in Sources */ = {isa = PBXBuildFile; fileRef = D326FFCF17B7F84800CF8309 /* AglBasicVertexShader.cpp */; };
		D326FFD217B7F84800CF8309 /* AglBasicVertexShader.h in Headers */ = {isa = PBXBuildFile; fileRef = D326FFD017B7F84800CF8309 /* AglBasicVertexShader.h */; };
		D326FFD517B7FA5B00CF8309 /* AglPhongOneDirectionalFragmentShader.cpp in Sources */ = {isa = PBXBuildFile; fileRef = D326FFD317B7FA5B00CF8309 /* AglPhongOneDirectionalFragmentShader.cpp */; };
		D326FFD617B7FA5B00CF8309 /* AglPhongOneDirectionalFragmentShader.h in Headers */ = {isa = PBXBuildFile; fileRef = D326FFD417B7FA5B00CF8309 /* AglPhongOneDirectionalFragmentShader.h */; };
		D326FFD917B7FC5900CF8309 /* AglSphericalHarmonicsFragmentShader.cpp in Sources */ = {isa = PBXBuildFile; fileRef = D326FFD717B7FC5900CF8309 /* AglSphericalHarmonicsFragmentShader.cpp */; };
		D326FFDA17B7FC5900CF8309 /* AglSphericalHarmonicsFragmentShader.h in Headers */ = {isa = PBXBuildFile; fileRef = D326FFD817B7FC5900CF8309 /* AglSphericalHarmonicsFragmentShader.h */; };
		D326FFDD17B7FDD500CF8309 /* AglFlattishRectangularSurface.cpp in Sources */ = {isa = PBXBuildFile; fileRef = D326FFDB17B7FDD500CF8309 /* AglFlattishRectangularSurface.cpp */; };
		D326FFDE17B7FDD500CF8309 /* AglFlattishRectangularSurface.h in Headers */ = {isa = PBXBuildFile; fileRef = D326FFDC17B7FDD500CF8309 /* AglFlattishRectangularSurface.h */; };
		D326FFE117B7FDFD00CF8309 /* AglShader.cpp in Sources */ = {isa = PBXBuildFile; fileRef = D326FFDF17B7FDFD00CF8309 /* AglShader.cpp */; };
		D326FFE217B7FDFD00CF8309 /* AglShader.h in Headers */ = {isa = PBXBuildFile; fileRef = D326FFE017B7FDFD00CF8309 /* AglShader.h */; };
		D326FFE417B8022F00CF8309 /* OpenGL.framework in Frameworks */ = {isa = PBXBuildFile; fileRef = D326FFE317B8022F00CF8309 /* OpenGL.framework */; };
		D326FFE617B809A900CF8309 /* libIex.dylib in Frameworks */ = {isa = PBXBuildFile; fileRef = D326FFE517B809A900CF8309 /* libIex.dylib */; };
		D3B2789117DBD5EA00459DC6 /* main.cpp in Sources */ = {isa = PBXBuildFile; fileRef = D3B2789017DBD5EA00459DC6 /* main.cpp */; };
		D3B2789317DBD5EA00459DC6 /* AglTest.1 in CopyFiles */ = {isa = PBXBuildFile; fileRef = D3B2789217DBD5EA00459DC6 /* AglTest.1 */; };
		D3B2789717DBD74100459DC6 /* libAgl.dylib in Frameworks */ = {isa = PBXBuildFile; fileRef = D326FF7E17B7CBA000CF8309 /* libAgl.dylib */; };
		D3B2789C17DBD89500459DC6 /* AglTest.cpp in Sources */ = {isa = PBXBuildFile; fileRef = D3B2789A17DBD89500459DC6 /* AglTest.cpp */; };
/* End PBXBuildFile section */

/* Begin PBXContainerItemProxy section */
		D3B2789817DBD82C00459DC6 /* PBXContainerItemProxy */ = {
			isa = PBXContainerItemProxy;
			containerPortal = D326FF7617B7CBA000CF8309 /* Project object */;
			proxyType = 1;
			remoteGlobalIDString = D326FF7D17B7CBA000CF8309;
			remoteInfo = Agl;
		};
/* End PBXContainerItemProxy section */

/* Begin PBXCopyFilesBuildPhase section */
		D3B2788C17DBD5EA00459DC6 /* CopyFiles */ = {
			isa = PBXCopyFilesBuildPhase;
			buildActionMask = 2147483647;
			dstPath = /usr/share/man/man1/;
			dstSubfolderSpec = 0;
			files = (
				D3B2789317DBD5EA00459DC6 /* AglTest.1 in CopyFiles */,
			);
			runOnlyForDeploymentPostprocessing = 1;
		};
/* End PBXCopyFilesBuildPhase section */

/* Begin PBXFileReference section */
		D326FF7E17B7CBA000CF8309 /* libAgl.dylib */ = {isa = PBXFileReference; explicitFileType = "compiled.mach-o.dylib"; includeInIndex = 0; path = libAgl.dylib; sourceTree = BUILT_PRODUCTS_DIR; };
		D326FF8517B7CC5200CF8309 /* AglImagePool.cpp */ = {isa = PBXFileReference; fileEncoding = 4; lastKnownFileType = sourcecode.cpp.cpp; path = AglImagePool.cpp; sourceTree = "<group>"; };
		D326FF8617B7CC5200CF8309 /* AglImagePool.h */ = {isa = PBXFileReference; fileEncoding = 4; lastKnownFileType = sourcecode.c.h; path = AglImagePool.h; sourceTree = "<group>"; };
		D326FF8717B7CC5200CF8309 /* AglUtilities.cpp */ = {isa = PBXFileReference; fileEncoding = 4; lastKnownFileType = sourcecode.cpp.cpp; path = AglUtilities.cpp; sourceTree = "<group>"; };
		D326FF8817B7CC5200CF8309 /* AglUtilities.h */ = {isa = PBXFileReference; fileEncoding = 4; lastKnownFileType = sourcecode.c.h; path = AglUtilities.h; sourceTree = "<group>"; };
		D326FFAD17B7E3B700CF8309 /* AglSurface.cpp */ = {isa = PBXFileReference; fileEncoding = 4; lastKnownFileType = sourcecode.cpp.cpp; lineEnding = 0; path = AglSurface.cpp; sourceTree = "<group>"; xcLanguageSpecificationIdentifier = xcode.lang.cpp; };
		D326FFAE17B7E3B700CF8309 /* AglSurface.h */ = {isa = PBXFileReference; fileEncoding = 4; lastKnownFileType = sourcecode.c.h; lineEnding = 0; path = AglSurface.h; sourceTree = "<group>"; xcLanguageSpecificationIdentifier = xcode.lang.objcpp; };
		D326FFB117B7E56900CF8309 /* AglTexture.cpp */ = {isa = PBXFileReference; fileEncoding = 4; lastKnownFileType = sourcecode.cpp.cpp; path = AglTexture.cpp; sourceTree = "<group>"; };
		D326FFB217B7E56900CF8309 /* AglTexture.h */ = {isa = PBXFileReference; fileEncoding = 4; lastKnownFileType = sourcecode.c.h; path = AglTexture.h; sourceTree = "<group>"; };
		D326FFB517B7E6A000CF8309 /* AglShaderProgram.cpp */ = {isa = PBXFileReference; fileEncoding = 4; lastKnownFileType = sourcecode.cpp.cpp; path = AglShaderProgram.cpp; sourceTree = "<group>"; };
		D326FFB617B7E6A000CF8309 /* AglShaderProgram.h */ = {isa = PBXFileReference; fileEncoding = 4; lastKnownFileType = sourcecode.c.h; path = AglShaderProgram.h; sourceTree = "<group>"; };
		D326FFB917B7E7F700CF8309 /* AglSurfacePNT.cpp */ = {isa = PBXFileReference; fileEncoding = 4; lastKnownFileType = sourcecode.cpp.cpp; path = AglSurfacePNT.cpp; sourceTree = "<group>"; };
		D326FFBA17B7E7F700CF8309 /* AglSurfacePNT.h */ = {isa = PBXFileReference; fileEncoding = 4; lastKnownFileType = sourcecode.c.h; path = AglSurfacePNT.h; sourceTree = "<group>"; };
		D326FFBD17B7EAA000CF8309 /* AglVertexShaderPNT.cpp */ = {isa = PBXFileReference; fileEncoding = 4; lastKnownFileType = sourcecode.cpp.cpp; path = AglVertexShaderPNT.cpp; sourceTree = "<group>"; };
		D326FFBE17B7EAA000CF8309 /* AglVertexShaderPNT.h */ = {isa = PBXFileReference; fileEncoding = 4; lastKnownFileType = sourcecode.c.h; path = AglVertexShaderPNT.h; sourceTree = "<group>"; };
		D326FFC117B7F30600CF8309 /* AglFragmentShaderPNT.cpp */ = {isa = PBXFileReference; fileEncoding = 4; lastKnownFileType = sourcecode.cpp.cpp; path = AglFragmentShaderPNT.cpp; sourceTree = "<group>"; };
		D326FFC217B7F30600CF8309 /* AglFragmentShaderPNT.h */ = {isa = PBXFileReference; fileEncoding = 4; lastKnownFileType = sourcecode.c.h; path = AglFragmentShaderPNT.h; sourceTree = "<group>"; };
		D326FFC517B7F41100CF8309 /* AglTextureUbyte.cpp */ = {isa = PBXFileReference; fileEncoding = 4; lastKnownFileType = sourcecode.cpp.cpp; path = AglTextureUbyte.cpp; sourceTree = "<group>"; };
		D326FFC617B7F41200CF8309 /* AglTextureUbyte.h */ = {isa = PBXFileReference; fileEncoding = 4; lastKnownFileType = sourcecode.c.h; path = AglTextureUbyte.h; sourceTree = "<group>"; };
		D326FFCA17B7F67800CF8309 /* AglShaderProgramSpecific.h */ = {isa = PBXFileReference; fileEncoding = 4; lastKnownFileType = sourcecode.c.h; path = AglShaderProgramSpecific.h; sourceTree = "<group>"; };
		D326FFCB17B7F67800CF8309 /* AglShaderProgramSpecificImp.h */ = {isa = PBXFileReference; fileEncoding = 4; lastKnownFileType = sourcecode.c.h; path = AglShaderProgramSpecificImp.h; sourceTree = "<group>"; };
		D326FFCF17B7F84800CF8309 /* AglBasicVertexShader.cpp */ = {isa = PBXFileReference; fileEncoding = 4; lastKnownFileType = sourcecode.cpp.cpp; path = AglBasicVertexShader.cpp; sourceTree = "<group>"; };
		D326FFD017B7F84800CF8309 /* AglBasicVertexShader.h */ = {isa = PBXFileReference; fileEncoding = 4; lastKnownFileType = sourcecode.c.h; path = AglBasicVertexShader.h; sourceTree = "<group>"; };
		D326FFD317B7FA5B00CF8309 /* AglPhongOneDirectionalFragmentShader.cpp */ = {isa = PBXFileReference; fileEncoding = 4; lastKnownFileType = sourcecode.cpp.cpp; path = AglPhongOneDirectionalFragmentShader.cpp; sourceTree = "<group>"; };
		D326FFD417B7FA5B00CF8309 /* AglPhongOneDirectionalFragmentShader.h */ = {isa = PBXFileReference; fileEncoding = 4; lastKnownFileType = sourcecode.c.h; path = AglPhongOneDirectionalFragmentShader.h; sourceTree = "<group>"; };
		D326FFD717B7FC5900CF8309 /* AglSphericalHarmonicsFragmentShader.cpp */ = {isa = PBXFileReference; fileEncoding = 4; lastKnownFileType = sourcecode.cpp.cpp; path = AglSphericalHarmonicsFragmentShader.cpp; sourceTree = "<group>"; };
		D326FFD817B7FC5900CF8309 /* AglSphericalHarmonicsFragmentShader.h */ = {isa = PBXFileReference; fileEncoding = 4; lastKnownFileType = sourcecode.c.h; path = AglSphericalHarmonicsFragmentShader.h; sourceTree = "<group>"; };
		D326FFDB17B7FDD500CF8309 /* AglFlattishRectangularSurface.cpp */ = {isa = PBXFileReference; fileEncoding = 4; lastKnownFileType = sourcecode.cpp.cpp; path = AglFlattishRectangularSurface.cpp; sourceTree = "<group>"; };
		D326FFDC17B7FDD500CF8309 /* AglFlattishRectangularSurface.h */ = {isa = PBXFileReference; fileEncoding = 4; lastKnownFileType = sourcecode.c.h; path = AglFlattishRectangularSurface.h; sourceTree = "<group>"; };
		D326FFDF17B7FDFD00CF8309 /* AglShader.cpp */ = {isa = PBXFileReference; fileEncoding = 4; lastKnownFileType = sourcecode.cpp.cpp; path = AglShader.cpp; sourceTree = "<group>"; };
		D326FFE017B7FDFD00CF8309 /* AglShader.h */ = {isa = PBXFileReference; fileEncoding = 4; lastKnownFileType = sourcecode.c.h; path = AglShader.h; sourceTree = "<group>"; };
		D326FFE317B8022F00CF8309 /* OpenGL.framework */ = {isa = PBXFileReference; lastKnownFileType = wrapper.framework; name = OpenGL.framework; path = System/Library/Frameworks/OpenGL.framework; sourceTree = SDKROOT; };
		D326FFE517B809A900CF8309 /* libIex.dylib */ = {isa = PBXFileReference; lastKnownFileType = "compiled.mach-o.dylib"; name = libIex.dylib; path = ../../../../../../usr/local/lib/libIex.dylib; sourceTree = "<group>"; };
		D39A511D17D230410026F899 /* README.md */ = {isa = PBXFileReference; lastKnownFileType = text; path = README.md; sourceTree = "<group>"; };
		D3B2788E17DBD5EA00459DC6 /* AglTest */ = {isa = PBXFileReference; explicitFileType = "compiled.mach-o.executable"; includeInIndex = 0; path = AglTest; sourceTree = BUILT_PRODUCTS_DIR; };
		D3B2789017DBD5EA00459DC6 /* main.cpp */ = {isa = PBXFileReference; lastKnownFileType = sourcecode.cpp.cpp; path = main.cpp; sourceTree = "<group>"; };
		D3B2789217DBD5EA00459DC6 /* AglTest.1 */ = {isa = PBXFileReference; lastKnownFileType = text.man; path = AglTest.1; sourceTree = "<group>"; };
		D3B2789A17DBD89500459DC6 /* AglTest.cpp */ = {isa = PBXFileReference; fileEncoding = 4; lastKnownFileType = sourcecode.cpp.cpp; path = AglTest.cpp; sourceTree = "<group>"; };
		D3B2789B17DBD89500459DC6 /* AglTest.h */ = {isa = PBXFileReference; fileEncoding = 4; lastKnownFileType = sourcecode.c.h; path = AglTest.h; sourceTree = "<group>"; };
		D3DE3C7217E67E7500067C90 /* LICENSE.txt */ = {isa = PBXFileReference; lastKnownFileType = text; path = LICENSE.txt; sourceTree = "<group>"; };
/* End PBXFileReference section */

/* Begin PBXFrameworksBuildPhase section */
		D326FF7B17B7CBA000CF8309 /* Frameworks */ = {
			isa = PBXFrameworksBuildPhase;
			buildActionMask = 2147483647;
			files = (
				D326FFE417B8022F00CF8309 /* OpenGL.framework in Frameworks */,
				D326FFE617B809A900CF8309 /* libIex.dylib in Frameworks */,
			);
			runOnlyForDeploymentPostprocessing = 0;
		};
		D3B2788B17DBD5EA00459DC6 /* Frameworks */ = {
			isa = PBXFrameworksBuildPhase;
			buildActionMask = 2147483647;
			files = (
				D3B2789717DBD74100459DC6 /* libAgl.dylib in Frameworks */,
			);
			runOnlyForDeploymentPostprocessing = 0;
		};
/* End PBXFrameworksBuildPhase section */

/* Begin PBXGroup section */
		D326FF7517B7CBA000CF8309 = {
			isa = PBXGroup;
			children = (
				D326FFE517B809A900CF8309 /* libIex.dylib */,
				D326FFE317B8022F00CF8309 /* OpenGL.framework */,
				D3B2788917DBD46200459DC6 /* src */,
				D39A511D17D230410026F899 /* README.md */,
				D3DE3C7217E67E7500067C90 /* LICENSE.txt */,
				D3B2788F17DBD5EA00459DC6 /* AglTest */,
				D326FF7F17B7CBA000CF8309 /* Products */,
			);
			sourceTree = "<group>";
		};
		D326FF7F17B7CBA000CF8309 /* Products */ = {
			isa = PBXGroup;
			children = (
				D326FF7E17B7CBA000CF8309 /* libAgl.dylib */,
				D3B2788E17DBD5EA00459DC6 /* AglTest */,
			);
			name = Products;
			sourceTree = "<group>";
		};
		D3B2788917DBD46200459DC6 /* src */ = {
			isa = PBXGroup;
			children = (
				D326FFE017B7FDFD00CF8309 /* AglShader.h */,
				D326FFDF17B7FDFD00CF8309 /* AglShader.cpp */,
				D326FFB617B7E6A000CF8309 /* AglShaderProgram.h */,
				D326FFB517B7E6A000CF8309 /* AglShaderProgram.cpp */,
				D326FFAE17B7E3B700CF8309 /* AglSurface.h */,
				D326FFAD17B7E3B700CF8309 /* AglSurface.cpp */,
				D326FFB217B7E56900CF8309 /* AglTexture.h */,
				D326FFB117B7E56900CF8309 /* AglTexture.cpp */,
				D326FFCA17B7F67800CF8309 /* AglShaderProgramSpecific.h */,
				D326FFCB17B7F67800CF8309 /* AglShaderProgramSpecificImp.h */,
				D326FFBE17B7EAA000CF8309 /* AglVertexShaderPNT.h */,
				D326FFBD17B7EAA000CF8309 /* AglVertexShaderPNT.cpp */,
				D326FFC217B7F30600CF8309 /* AglFragmentShaderPNT.h */,
				D326FFC117B7F30600CF8309 /* AglFragmentShaderPNT.cpp */,
				D326FFBA17B7E7F700CF8309 /* AglSurfacePNT.h */,
				D326FFB917B7E7F700CF8309 /* AglSurfacePNT.cpp */,
				D326FFDC17B7FDD500CF8309 /* AglFlattishRectangularSurface.h */,
				D326FFDB17B7FDD500CF8309 /* AglFlattishRectangularSurface.cpp */,
				D326FFD817B7FC5900CF8309 /* AglSphericalHarmonicsFragmentShader.h */,
				D326FFD717B7FC5900CF8309 /* AglSphericalHarmonicsFragmentShader.cpp */,
				D326FFD417B7FA5B00CF8309 /* AglPhongOneDirectionalFragmentShader.h */,
				D326FFD317B7FA5B00CF8309 /* AglPhongOneDirectionalFragmentShader.cpp */,
				D326FFD017B7F84800CF8309 /* AglBasicVertexShader.h */,
				D326FFCF17B7F84800CF8309 /* AglBasicVertexShader.cpp */,
				D326FFC617B7F41200CF8309 /* AglTextureUbyte.h */,
				D326FFC517B7F41100CF8309 /* AglTextureUbyte.cpp */,
				D326FF8617B7CC5200CF8309 /* AglImagePool.h */,
				D326FF8517B7CC5200CF8309 /* AglImagePool.cpp */,
				D326FF8817B7CC5200CF8309 /* AglUtilities.h */,
				D326FF8717B7CC5200CF8309 /* AglUtilities.cpp */,
			);
			path = src;
			sourceTree = "<group>";
		};
		D3B2788F17DBD5EA00459DC6 /* AglTest */ = {
			isa = PBXGroup;
			children = (
				D3B2789A17DBD89500459DC6 /* AglTest.cpp */,
				D3B2789B17DBD89500459DC6 /* AglTest.h */,
				D3B2789017DBD5EA00459DC6 /* main.cpp */,
				D3B2789217DBD5EA00459DC6 /* AglTest.1 */,
			);
			path = AglTest;
			sourceTree = "<group>";
		};
/* End PBXGroup section */

/* Begin PBXHeadersBuildPhase section */
		D326FF7C17B7CBA000CF8309 /* Headers */ = {
			isa = PBXHeadersBuildPhase;
			buildActionMask = 2147483647;
			files = (
				D326FF8A17B7CC5200CF8309 /* AglImagePool.h in Headers */,
				D326FF8C17B7CC5200CF8309 /* AglUtilities.h in Headers */,
				D326FFB017B7E3B700CF8309 /* AglSurface.h in Headers */,
				D326FFB417B7E56900CF8309 /* AglTexture.h in Headers */,
				D326FFB817B7E6A000CF8309 /* AglShaderProgram.h in Headers */,
				D326FFBC17B7E7F700CF8309 /* AglSurfacePNT.h in Headers */,
				D326FFC017B7EAA000CF8309 /* AglVertexShaderPNT.h in Headers */,
				D326FFC417B7F30600CF8309 /* AglFragmentShaderPNT.h in Headers */,
				D326FFC817B7F41200CF8309 /* AglTextureUbyte.h in Headers */,
				D326FFCD17B7F67800CF8309 /* AglShaderProgramSpecific.h in Headers */,
				D326FFCE17B7F67800CF8309 /* AglShaderProgramSpecificImp.h in Headers */,
				D326FFD217B7F84800CF8309 /* AglBasicVertexShader.h in Headers */,
				D326FFD617B7FA5B00CF8309 /* AglPhongOneDirectionalFragmentShader.h in Headers */,
				D326FFDA17B7FC5900CF8309 /* AglSphericalHarmonicsFragmentShader.h in Headers */,
				D326FFDE17B7FDD500CF8309 /* AglFlattishRectangularSurface.h in Headers */,
				D326FFE217B7FDFD00CF8309 /* AglShader.h in Headers */,
			);
			runOnlyForDeploymentPostprocessing = 0;
		};
/* End PBXHeadersBuildPhase section */

/* Begin PBXNativeTarget section */
		D326FF7D17B7CBA000CF8309 /* Agl */ = {
			isa = PBXNativeTarget;
			buildConfigurationList = D326FF8217B7CBA000CF8309 /* Build configuration list for PBXNativeTarget "Agl" */;
			buildPhases = (
				D326FF7A17B7CBA000CF8309 /* Sources */,
				D326FF7B17B7CBA000CF8309 /* Frameworks */,
				D326FF7C17B7CBA000CF8309 /* Headers */,
			);
			buildRules = (
			);
			dependencies = (
			);
			name = Agl;
			productName = Agl;
			productReference = D326FF7E17B7CBA000CF8309 /* libAgl.dylib */;
			productType = "com.apple.product-type.library.dynamic";
		};
		D3B2788D17DBD5EA00459DC6 /* AglTest */ = {
			isa = PBXNativeTarget;
			buildConfigurationList = D3B2789417DBD5EA00459DC6 /* Build configuration list for PBXNativeTarget "AglTest" */;
			buildPhases = (
				D3B2788A17DBD5EA00459DC6 /* Sources */,
				D3B2788B17DBD5EA00459DC6 /* Frameworks */,
				D3B2788C17DBD5EA00459DC6 /* CopyFiles */,
			);
			buildRules = (
			);
			dependencies = (
				D3B2789917DBD82C00459DC6 /* PBXTargetDependency */,
			);
			name = AglTest;
			productName = AglTest;
			productReference = D3B2788E17DBD5EA00459DC6 /* AglTest */;
			productType = "com.apple.product-type.tool";
		};
/* End PBXNativeTarget section */

/* Begin PBXProject section */
		D326FF7617B7CBA000CF8309 /* Project object */ = {
			isa = PBXProject;
			attributes = {
				LastUpgradeCheck = 0460;
				ORGANIZATIONNAME = Philip;
			};
			buildConfigurationList = D326FF7917B7CBA000CF8309 /* Build configuration list for PBXProject "Agl" */;
			compatibilityVersion = "Xcode 3.2";
			developmentRegion = English;
			hasScannedForEncodings = 0;
			knownRegions = (
				en,
			);
			mainGroup = D326FF7517B7CBA000CF8309;
			productRefGroup = D326FF7F17B7CBA000CF8309 /* Products */;
			projectDirPath = "";
			projectRoot = "";
			targets = (
				D326FF7D17B7CBA000CF8309 /* Agl */,
				D3B2788D17DBD5EA00459DC6 /* AglTest */,
			);
		};
/* End PBXProject section */

/* Begin PBXSourcesBuildPhase section */
		D326FF7A17B7CBA000CF8309 /* Sources */ = {
			isa = PBXSourcesBuildPhase;
			buildActionMask = 2147483647;
			files = (
				D326FF8917B7CC5200CF8309 /* AglImagePool.cpp in Sources */,
				D326FF8B17B7CC5200CF8309 /* AglUtilities.cpp in Sources */,
				D326FFAF17B7E3B700CF8309 /* AglSurface.cpp in Sources */,
				D326FFB317B7E56900CF8309 /* AglTexture.cpp in Sources */,
				D326FFB717B7E6A000CF8309 /* AglShaderProgram.cpp in Sources */,
				D326FFBB17B7E7F700CF8309 /* AglSurfacePNT.cpp in Sources */,
				D326FFBF17B7EAA000CF8309 /* AglVertexShaderPNT.cpp in Sources */,
				D326FFC317B7F30600CF8309 /* AglFragmentShaderPNT.cpp in Sources */,
				D326FFC717B7F41200CF8309 /* AglTextureUbyte.cpp in Sources */,
				D326FFD117B7F84800CF8309 /* AglBasicVertexShader.cpp in Sources */,
				D326FFD517B7FA5B00CF8309 /* AglPhongOneDirectionalFragmentShader.cpp in Sources */,
				D326FFD917B7FC5900CF8309 /* AglSphericalHarmonicsFragmentShader.cpp in Sources */,
				D326FFDD17B7FDD500CF8309 /* AglFlattishRectangularSurface.cpp in Sources */,
				D326FFE117B7FDFD00CF8309 /* AglShader.cpp in Sources */,
			);
			runOnlyForDeploymentPostprocessing = 0;
		};
		D3B2788A17DBD5EA00459DC6 /* Sources */ = {
			isa = PBXSourcesBuildPhase;
			buildActionMask = 2147483647;
			files = (
				D3B2789117DBD5EA00459DC6 /* main.cpp in Sources */,
				D3B2789C17DBD89500459DC6 /* AglTest.cpp in Sources */,
			);
			runOnlyForDeploymentPostprocessing = 0;
		};
/* End PBXSourcesBuildPhase section */

/* Begin PBXTargetDependency section */
		D3B2789917DBD82C00459DC6 /* PBXTargetDependency */ = {
			isa = PBXTargetDependency;
			target = D326FF7D17B7CBA000CF8309 /* Agl */;
			targetProxy = D3B2789817DBD82C00459DC6 /* PBXContainerItemProxy */;
		};
/* End PBXTargetDependency section */

/* Begin XCBuildConfiguration section */
		D326FF8017B7CBA000CF8309 /* Debug */ = {
			isa = XCBuildConfiguration;
			buildSettings = {
				ALWAYS_SEARCH_USER_PATHS = NO;
				ARCHS = "$(ARCHS_STANDARD_64_BIT)";
				CLANG_CXX_LANGUAGE_STANDARD = "gnu++0x";
				CLANG_CXX_LIBRARY = "libc++";
				CLANG_WARN_CONSTANT_CONVERSION = YES;
				CLANG_WARN_EMPTY_BODY = YES;
				CLANG_WARN_ENUM_CONVERSION = YES;
				CLANG_WARN_INT_CONVERSION = YES;
				CLANG_WARN__DUPLICATE_METHOD_MATCH = YES;
				COPY_PHASE_STRIP = NO;
				GCC_C_LANGUAGE_STANDARD = gnu99;
				GCC_DYNAMIC_NO_PIC = NO;
				GCC_ENABLE_OBJC_EXCEPTIONS = YES;
				GCC_OPTIMIZATION_LEVEL = 0;
				GCC_PREPROCESSOR_DEFINITIONS = (
					"DEBUG=1",
					"$(inherited)",
				);
				GCC_SYMBOLS_PRIVATE_EXTERN = NO;
				GCC_WARN_64_TO_32_BIT_CONVERSION = YES;
				GCC_WARN_ABOUT_RETURN_TYPE = YES;
				GCC_WARN_UNINITIALIZED_AUTOS = YES;
				GCC_WARN_UNUSED_VARIABLE = YES;
				MACOSX_DEPLOYMENT_TARGET = 10.8;
				ONLY_ACTIVE_ARCH = YES;
				SDKROOT = macosx;
			};
			name = Debug;
		};
		D326FF8117B7CBA000CF8309 /* Release */ = {
			isa = XCBuildConfiguration;
			buildSettings = {
				ALWAYS_SEARCH_USER_PATHS = NO;
				ARCHS = "$(ARCHS_STANDARD_64_BIT)";
				CLANG_CXX_LANGUAGE_STANDARD = "gnu++0x";
				CLANG_CXX_LIBRARY = "libc++";
				CLANG_WARN_CONSTANT_CONVERSION = YES;
				CLANG_WARN_EMPTY_BODY = YES;
				CLANG_WARN_ENUM_CONVERSION = YES;
				CLANG_WARN_INT_CONVERSION = YES;
				CLANG_WARN__DUPLICATE_METHOD_MATCH = YES;
				COPY_PHASE_STRIP = YES;
				DEBUG_INFORMATION_FORMAT = "dwarf-with-dsym";
				GCC_C_LANGUAGE_STANDARD = gnu99;
				GCC_ENABLE_OBJC_EXCEPTIONS = YES;
				GCC_WARN_64_TO_32_BIT_CONVERSION = YES;
				GCC_WARN_ABOUT_RETURN_TYPE = YES;
				GCC_WARN_UNINITIALIZED_AUTOS = YES;
				GCC_WARN_UNUSED_VARIABLE = YES;
				MACOSX_DEPLOYMENT_TARGET = 10.8;
				SDKROOT = macosx;
			};
			name = Release;
		};
		D326FF8317B7CBA000CF8309 /* Debug */ = {
			isa = XCBuildConfiguration;
			buildSettings = {
				EXECUTABLE_PREFIX = lib;
				HEADER_SEARCH_PATHS = /usr/local/include;
				INSTALL_PATH = "@rpath";
				LIBRARY_SEARCH_PATHS = /usr/local/lib;
				PRODUCT_NAME = "$(TARGET_NAME)";
			};
			name = Debug;
		};
		D326FF8417B7CBA000CF8309 /* Release */ = {
			isa = XCBuildConfiguration;
			buildSettings = {
				EXECUTABLE_PREFIX = lib;
				HEADER_SEARCH_PATHS = /usr/local/include;
				INSTALL_PATH = "@rpath";
				LIBRARY_SEARCH_PATHS = /usr/local/lib;
				PRODUCT_NAME = "$(TARGET_NAME)";
			};
			name = Release;
		};
		D3B2789517DBD5EA00459DC6 /* Debug */ = {
			isa = XCBuildConfiguration;
			buildSettings = {
				HEADER_SEARCH_PATHS = "";
				PRODUCT_NAME = "$(TARGET_NAME)";
			};
			name = Debug;
		};
		D3B2789617DBD5EA00459DC6 /* Release */ = {
			isa = XCBuildConfiguration;
			buildSettings = {
				HEADER_SEARCH_PATHS = "";
				PRODUCT_NAME = "$(TARGET_NAME)";
			};
			name = Release;
		};
/* End XCBuildConfiguration section */

/* Begin XCConfigurationList section */
		D326FF7917B7CBA000CF8309 /* Build configuration list for PBXProject "Agl" */ = {
			isa = XCConfigurationList;
			buildConfigurations = (
				D326FF8017B7CBA000CF8309 /* Debug */,
				D326FF8117B7CBA000CF8309 /* Release */,
			);
			defaultConfigurationIsVisible = 0;
			defaultConfigurationName = Release;
		};
		D326FF8217B7CBA000CF8309 /* Build configuration list for PBXNativeTarget "Agl" */ = {
			isa = XCConfigurationList;
			buildConfigurations = (
				D326FF8317B7CBA000CF8309 /* Debug */,
				D326FF8417B7CBA000CF8309 /* Release */,
			);
			defaultConfigurationIsVisible = 0;
			defaultConfigurationName = Release;
		};
		D3B2789417DBD5EA00459DC6 /* Build configuration list for PBXNativeTarget "AglTest" */ = {
			isa = XCConfigurationList;
			buildConfigurations = (
				D3B2789517DBD5EA00459DC6 /* Debug */,
				D3B2789617DBD5EA00459DC6 /* Release */,
			);
			defaultConfigurationIsVisible = 0;
			defaultConfigurationName = Release;
		};
/* End XCConfigurationList section */
	};
	rootObject = D326FF7617B7CBA000CF8309 /* Project object */;
}
